
Microsoft Visual Studio Solution File, Format Version 12.00
# Visual Studio 2013
VisualStudioVersion = 12.0.21005.1
MinimumVisualStudioVersion = 10.0.40219.1
Project("{FAE04EC0-301F-11D3-BF4B-00C04F79EFBC}") = "MVCAppln_1", "MVCAppln_1\MVCAppln_1.csproj", "{A5E1733F-0BEF-45FB-BCB8-D7D49B3C8469}"
EndProject
Project("{FAE04EC0-301F-11D3-BF4B-00C04F79EFBC}") = "MVC_BasicTutorial", "MVC_BasicTutorial\MVC_BasicTutorial.csproj", "{32B1D1E8-206E-4ADB-9F77-43BD0A841B49}"
EndProject
Project("{FAE04EC0-301F-11D3-BF4B-00C04F79EFBC}") = "PayGatewayIntegration", "PayGatewayIntegration\PayGatewayIntegration.csproj", "{83A3610C-700B-4992-AA8F-656AEA64AE64}"
EndProject
Project("{FAE04EC0-301F-11D3-BF4B-00C04F79EFBC}") = "Template_1", "Template_1\Template_1.csproj", "{216D22C4-C826-4497-BDEC-85F07C696382}"
EndProject
Project("{FAE04EC0-301F-11D3-BF4B-00C04F79EFBC}") = "MVC_Auction", "MVC_Auction\MVC_Auction.csproj", "{12201386-2341-4CD9-8413-C548242A7AC5}"
EndProject
Global
	GlobalSection(SolutionConfigurationPlatforms) = preSolution
		Debug|Any CPU = Debug|Any CPU
		Debug|x64 = Debug|x64
		Debug|x86 = Debug|x86
		Release|Any CPU = Release|Any CPU
		Release|x64 = Release|x64
		Release|x86 = Release|x86
		T|Any CPU = T|Any CPU
		T|x64 = T|x64
		T|x86 = T|x86
		test|Any CPU = test|Any CPU
		test|x64 = test|x64
		test|x86 = test|x86
		TestDebug|Any CPU = TestDebug|Any CPU
		TestDebug|x64 = TestDebug|x64
		TestDebug|x86 = TestDebug|x86
	EndGlobalSection
	GlobalSection(ProjectConfigurationPlatforms) = postSolution
		{A5E1733F-0BEF-45FB-BCB8-D7D49B3C8469}.Debug|Any CPU.ActiveCfg = Debug|Any CPU
		{A5E1733F-0BEF-45FB-BCB8-D7D49B3C8469}.Debug|Any CPU.Build.0 = Debug|Any CPU
		{A5E1733F-0BEF-45FB-BCB8-D7D49B3C8469}.Debug|x64.ActiveCfg = Debug|Any CPU
		{A5E1733F-0BEF-45FB-BCB8-D7D49B3C8469}.Debug|x86.ActiveCfg = Debug|Any CPU
		{A5E1733F-0BEF-45FB-BCB8-D7D49B3C8469}.Release|Any CPU.ActiveCfg = Release|Any CPU
		{A5E1733F-0BEF-45FB-BCB8-D7D49B3C8469}.Release|Any CPU.Build.0 = Release|Any CPU
		{A5E1733F-0BEF-45FB-BCB8-D7D49B3C8469}.Release|x64.ActiveCfg = Release|Any CPU
		{A5E1733F-0BEF-45FB-BCB8-D7D49B3C8469}.Release|x86.ActiveCfg = Release|Any CPU
		{A5E1733F-0BEF-45FB-BCB8-D7D49B3C8469}.T|Any CPU.ActiveCfg = Release|Any CPU
		{A5E1733F-0BEF-45FB-BCB8-D7D49B3C8469}.T|Any CPU.Build.0 = Release|Any CPU
		{A5E1733F-0BEF-45FB-BCB8-D7D49B3C8469}.T|x64.ActiveCfg = Release|Any CPU
		{A5E1733F-0BEF-45FB-BCB8-D7D49B3C8469}.T|x86.ActiveCfg = Release|Any CPU
		{A5E1733F-0BEF-45FB-BCB8-D7D49B3C8469}.test|Any CPU.ActiveCfg = Release|Any CPU
		{A5E1733F-0BEF-45FB-BCB8-D7D49B3C8469}.test|Any CPU.Build.0 = Release|Any CPU
		{A5E1733F-0BEF-45FB-BCB8-D7D49B3C8469}.test|x64.ActiveCfg = Release|Any CPU
		{A5E1733F-0BEF-45FB-BCB8-D7D49B3C8469}.test|x86.ActiveCfg = Release|Any CPU
		{A5E1733F-0BEF-45FB-BCB8-D7D49B3C8469}.TestDebug|Any CPU.ActiveCfg = Debug|Any CPU
		{A5E1733F-0BEF-45FB-BCB8-D7D49B3C8469}.TestDebug|Any CPU.Build.0 = Debug|Any CPU
		{A5E1733F-0BEF-45FB-BCB8-D7D49B3C8469}.TestDebug|x64.ActiveCfg = Debug|Any CPU
		{A5E1733F-0BEF-45FB-BCB8-D7D49B3C8469}.TestDebug|x86.ActiveCfg = Debug|Any CPU
		{32B1D1E8-206E-4ADB-9F77-43BD0A841B49}.Debug|Any CPU.ActiveCfg = Debug|Any CPU
		{32B1D1E8-206E-4ADB-9F77-43BD0A841B49}.Debug|Any CPU.Build.0 = Debug|Any CPU
		{32B1D1E8-206E-4ADB-9F77-43BD0A841B49}.Debug|x64.ActiveCfg = Debug|Any CPU
		{32B1D1E8-206E-4ADB-9F77-43BD0A841B49}.Debug|x86.ActiveCfg = Debug|Any CPU
		{32B1D1E8-206E-4ADB-9F77-43BD0A841B49}.Release|Any CPU.ActiveCfg = Release|Any CPU
		{32B1D1E8-206E-4ADB-9F77-43BD0A841B49}.Release|Any CPU.Build.0 = Release|Any CPU
		{32B1D1E8-206E-4ADB-9F77-43BD0A841B49}.Release|x64.ActiveCfg = Release|Any CPU
		{32B1D1E8-206E-4ADB-9F77-43BD0A841B49}.Release|x86.ActiveCfg = Release|Any CPU
		{32B1D1E8-206E-4ADB-9F77-43BD0A841B49}.T|Any CPU.ActiveCfg = Release|Any CPU
		{32B1D1E8-206E-4ADB-9F77-43BD0A841B49}.T|Any CPU.Build.0 = Release|Any CPU
		{32B1D1E8-206E-4ADB-9F77-43BD0A841B49}.T|x64.ActiveCfg = Release|Any CPU
		{32B1D1E8-206E-4ADB-9F77-43BD0A841B49}.T|x86.ActiveCfg = Release|Any CPU
		{32B1D1E8-206E-4ADB-9F77-43BD0A841B49}.test|Any CPU.ActiveCfg = Release|Any CPU
		{32B1D1E8-206E-4ADB-9F77-43BD0A841B49}.test|Any CPU.Build.0 = Release|Any CPU
		{32B1D1E8-206E-4ADB-9F77-43BD0A841B49}.test|x64.ActiveCfg = Release|Any CPU
		{32B1D1E8-206E-4ADB-9F77-43BD0A841B49}.test|x86.ActiveCfg = Release|Any CPU
		{32B1D1E8-206E-4ADB-9F77-43BD0A841B49}.TestDebug|Any CPU.ActiveCfg = Debug|Any CPU
		{32B1D1E8-206E-4ADB-9F77-43BD0A841B49}.TestDebug|Any CPU.Build.0 = Debug|Any CPU
		{32B1D1E8-206E-4ADB-9F77-43BD0A841B49}.TestDebug|x64.ActiveCfg = Debug|Any CPU
		{32B1D1E8-206E-4ADB-9F77-43BD0A841B49}.TestDebug|x86.ActiveCfg = Debug|Any CPU
		{83A3610C-700B-4992-AA8F-656AEA64AE64}.Debug|Any CPU.ActiveCfg = Debug|Any CPU
		{83A3610C-700B-4992-AA8F-656AEA64AE64}.Debug|Any CPU.Build.0 = Debug|Any CPU
		{83A3610C-700B-4992-AA8F-656AEA64AE64}.Debug|x64.ActiveCfg = Debug|Any CPU
		{83A3610C-700B-4992-AA8F-656AEA64AE64}.Debug|x86.ActiveCfg = Debug|Any CPU
		{83A3610C-700B-4992-AA8F-656AEA64AE64}.Release|Any CPU.ActiveCfg = Release|Any CPU
		{83A3610C-700B-4992-AA8F-656AEA64AE64}.Release|Any CPU.Build.0 = Release|Any CPU
		{83A3610C-700B-4992-AA8F-656AEA64AE64}.Release|x64.ActiveCfg = Release|Any CPU
		{83A3610C-700B-4992-AA8F-656AEA64AE64}.Release|x86.ActiveCfg = Release|Any CPU
		{83A3610C-700B-4992-AA8F-656AEA64AE64}.T|Any CPU.ActiveCfg = Release|Any CPU
		{83A3610C-700B-4992-AA8F-656AEA64AE64}.T|Any CPU.Build.0 = Release|Any CPU
		{83A3610C-700B-4992-AA8F-656AEA64AE64}.T|x64.ActiveCfg = Release|Any CPU
		{83A3610C-700B-4992-AA8F-656AEA64AE64}.T|x86.ActiveCfg = Release|Any CPU
		{83A3610C-700B-4992-AA8F-656AEA64AE64}.test|Any CPU.ActiveCfg = Release|Any CPU
		{83A3610C-700B-4992-AA8F-656AEA64AE64}.test|Any CPU.Build.0 = Release|Any CPU
		{83A3610C-700B-4992-AA8F-656AEA64AE64}.test|x64.ActiveCfg = Release|Any CPU
		{83A3610C-700B-4992-AA8F-656AEA64AE64}.test|x86.ActiveCfg = Release|Any CPU
		{83A3610C-700B-4992-AA8F-656AEA64AE64}.TestDebug|Any CPU.ActiveCfg = Debug|Any CPU
		{83A3610C-700B-4992-AA8F-656AEA64AE64}.TestDebug|Any CPU.Build.0 = Debug|Any CPU
		{83A3610C-700B-4992-AA8F-656AEA64AE64}.TestDebug|x64.ActiveCfg = Debug|Any CPU
		{83A3610C-700B-4992-AA8F-656AEA64AE64}.TestDebug|x86.ActiveCfg = Debug|Any CPU
		{216D22C4-C826-4497-BDEC-85F07C696382}.Debug|Any CPU.ActiveCfg = Debug|Any CPU
		{216D22C4-C826-4497-BDEC-85F07C696382}.Debug|Any CPU.Build.0 = Debug|Any CPU
		{216D22C4-C826-4497-BDEC-85F07C696382}.Debug|x64.ActiveCfg = Debug|Any CPU
		{216D22C4-C826-4497-BDEC-85F07C696382}.Debug|x86.ActiveCfg = Debug|Any CPU
		{216D22C4-C826-4497-BDEC-85F07C696382}.Release|Any CPU.ActiveCfg = Release|Any CPU
		{216D22C4-C826-4497-BDEC-85F07C696382}.Release|Any CPU.Build.0 = Release|Any CPU
		{216D22C4-C826-4497-BDEC-85F07C696382}.Release|x64.ActiveCfg = Release|Any CPU
		{216D22C4-C826-4497-BDEC-85F07C696382}.Release|x86.ActiveCfg = Release|Any CPU
		{216D22C4-C826-4497-BDEC-85F07C696382}.T|Any CPU.ActiveCfg = Release|Any CPU
		{216D22C4-C826-4497-BDEC-85F07C696382}.T|Any CPU.Build.0 = Release|Any CPU
		{216D22C4-C826-4497-BDEC-85F07C696382}.T|x64.ActiveCfg = Release|Any CPU
		{216D22C4-C826-4497-BDEC-85F07C696382}.T|x86.ActiveCfg = Release|Any CPU
		{216D22C4-C826-4497-BDEC-85F07C696382}.test|Any CPU.ActiveCfg = Release|Any CPU
		{216D22C4-C826-4497-BDEC-85F07C696382}.test|Any CPU.Build.0 = Release|Any CPU
		{216D22C4-C826-4497-BDEC-85F07C696382}.test|x64.ActiveCfg = Release|Any CPU
		{216D22C4-C826-4497-BDEC-85F07C696382}.test|x86.ActiveCfg = Release|Any CPU
		{216D22C4-C826-4497-BDEC-85F07C696382}.TestDebug|Any CPU.ActiveCfg = Debug|Any CPU
		{216D22C4-C826-4497-BDEC-85F07C696382}.TestDebug|Any CPU.Build.0 = Debug|Any CPU
		{216D22C4-C826-4497-BDEC-85F07C696382}.TestDebug|x64.ActiveCfg = Debug|Any CPU
		{216D22C4-C826-4497-BDEC-85F07C696382}.TestDebug|x86.ActiveCfg = Debug|Any CPU
		{12201386-2341-4CD9-8413-C548242A7AC5}.Debug|Any CPU.ActiveCfg = Debug|Any CPU
		{12201386-2341-4CD9-8413-C548242A7AC5}.Debug|Any CPU.Build.0 = Debug|Any CPU
		{12201386-2341-4CD9-8413-C548242A7AC5}.Debug|x64.ActiveCfg = Debug|Any CPU
		{12201386-2341-4CD9-8413-C548242A7AC5}.Debug|x86.ActiveCfg = Debug|Any CPU
		{12201386-2341-4CD9-8413-C548242A7AC5}.Release|Any CPU.ActiveCfg = Release|Any CPU
		{12201386-2341-4CD9-8413-C548242A7AC5}.Release|Any CPU.Build.0 = Release|Any CPU
		{12201386-2341-4CD9-8413-C548242A7AC5}.Release|x64.ActiveCfg = Release|Any CPU
		{12201386-2341-4CD9-8413-C548242A7AC5}.Release|x86.ActiveCfg = Release|Any CPU
		{12201386-2341-4CD9-8413-C548242A7AC5}.T|Any CPU.ActiveCfg = Release|Any CPU
		{12201386-2341-4CD9-8413-C548242A7AC5}.T|Any CPU.Build.0 = Release|Any CPU
		{12201386-2341-4CD9-8413-C548242A7AC5}.T|x64.ActiveCfg = Release|Any CPU
		{12201386-2341-4CD9-8413-C548242A7AC5}.T|x86.ActiveCfg = Release|Any CPU
		{12201386-2341-4CD9-8413-C548242A7AC5}.test|Any CPU.ActiveCfg = Release|Any CPU
		{12201386-2341-4CD9-8413-C548242A7AC5}.test|Any CPU.Build.0 = Release|Any CPU
		{12201386-2341-4CD9-8413-C548242A7AC5}.test|x64.ActiveCfg = Release|Any CPU
		{12201386-2341-4CD9-8413-C548242A7AC5}.test|x86.ActiveCfg = Release|Any CPU
		{12201386-2341-4CD9-8413-C548242A7AC5}.TestDebug|Any CPU.ActiveCfg = Debug|Any CPU
		{12201386-2341-4CD9-8413-C548242A7AC5}.TestDebug|Any CPU.Build.0 = Debug|Any CPU
		{12201386-2341-4CD9-8413-C548242A7AC5}.TestDebug|x64.ActiveCfg = Debug|Any CPU
		{12201386-2341-4CD9-8413-C548242A7AC5}.TestDebug|x86.ActiveCfg = Debug|Any CPU
	EndGlobalSection
	GlobalSection(SolutionProperties) = preSolution
		HideSolutionNode = FALSE
	EndGlobalSection
EndGlobal
